// !$*UTF8*$!
{
	archiveVersion = 1;
	classes = {
	};
	objectVersion = 50;
	objects = {

/* Begin PBXBuildFile section */
		8A50BB8B22323C5000DA73C6 /* AppDelegate.swift in Sources */ = {isa = PBXBuildFile; fileRef = 8A50BB8A22323C5000DA73C6 /* AppDelegate.swift */; };
		8A50BB8D22323C5000DA73C6 /* ViewController.swift in Sources */ = {isa = PBXBuildFile; fileRef = 8A50BB8C22323C5000DA73C6 /* ViewController.swift */; };
		8A50BB9022323C5000DA73C6 /* Main.storyboard in Resources */ = {isa = PBXBuildFile; fileRef = 8A50BB8E22323C5000DA73C6 /* Main.storyboard */; };
		8A50BB9222323C5100DA73C6 /* Assets.xcassets in Resources */ = {isa = PBXBuildFile; fileRef = 8A50BB9122323C5100DA73C6 /* Assets.xcassets */; };
		8A50BB9522323C5100DA73C6 /* LaunchScreen.storyboard in Resources */ = {isa = PBXBuildFile; fileRef = 8A50BB9322323C5100DA73C6 /* LaunchScreen.storyboard */; };
		8A50BB9D22325D6D00DA73C6 /* StoryViewController.swift in Sources */ = {isa = PBXBuildFile; fileRef = 8A50BB9C22325D6D00DA73C6 /* StoryViewController.swift */; };
		8A50BBA022325F7500DA73C6 /* TableViewCell.swift in Sources */ = {isa = PBXBuildFile; fileRef = 8A50BB9E22325F7500DA73C6 /* TableViewCell.swift */; };
		8A50BBA122325F7500DA73C6 /* TableViewCell.xib in Resources */ = {isa = PBXBuildFile; fileRef = 8A50BB9F22325F7500DA73C6 /* TableViewCell.xib */; };
		A82F789A985A76507B2B6C98 /* libPods-GitAndSwift.a in Frameworks */ = {isa = PBXBuildFile; fileRef = 53E3A5AEB2DCBCF44670E177 /* libPods-GitAndSwift.a */; };
/* End PBXBuildFile section */

/* Begin PBXFileReference section */
		53E3A5AEB2DCBCF44670E177 /* libPods-GitAndSwift.a */ = {isa = PBXFileReference; explicitFileType = archive.ar; includeInIndex = 0; path = "libPods-GitAndSwift.a"; sourceTree = BUILT_PRODUCTS_DIR; };
		5EDDB02A930FC4C291FBEEA4 /* Pods-GitAndSwift.release.xcconfig */ = {isa = PBXFileReference; includeInIndex = 1; lastKnownFileType = text.xcconfig; name = "Pods-GitAndSwift.release.xcconfig"; path = "Target Support Files/Pods-GitAndSwift/Pods-GitAndSwift.release.xcconfig"; sourceTree = "<group>"; };
		7C3EAF09CEDFCD3D61068CCC /* Pods-GitAndSwift.debug.xcconfig */ = {isa = PBXFileReference; includeInIndex = 1; lastKnownFileType = text.xcconfig; name = "Pods-GitAndSwift.debug.xcconfig"; path = "Target Support Files/Pods-GitAndSwift/Pods-GitAndSwift.debug.xcconfig"; sourceTree = "<group>"; };
		8A50BB8722323C5000DA73C6 /* GitAndSwift.app */ = {isa = PBXFileReference; explicitFileType = wrapper.application; includeInIndex = 0; path = GitAndSwift.app; sourceTree = BUILT_PRODUCTS_DIR; };
		8A50BB8A22323C5000DA73C6 /* AppDelegate.swift */ = {isa = PBXFileReference; lastKnownFileType = sourcecode.swift; path = AppDelegate.swift; sourceTree = "<group>"; };
		8A50BB8C22323C5000DA73C6 /* ViewController.swift */ = {isa = PBXFileReference; lastKnownFileType = sourcecode.swift; path = ViewController.swift; sourceTree = "<group>"; };
		8A50BB8F22323C5000DA73C6 /* Base */ = {isa = PBXFileReference; lastKnownFileType = file.storyboard; name = Base; path = Base.lproj/Main.storyboard; sourceTree = "<group>"; };
		8A50BB9122323C5100DA73C6 /* Assets.xcassets */ = {isa = PBXFileReference; lastKnownFileType = folder.assetcatalog; path = Assets.xcassets; sourceTree = "<group>"; };
		8A50BB9422323C5100DA73C6 /* Base */ = {isa = PBXFileReference; lastKnownFileType = file.storyboard; name = Base; path = Base.lproj/LaunchScreen.storyboard; sourceTree = "<group>"; };
		8A50BB9622323C5100DA73C6 /* Info.plist */ = {isa = PBXFileReference; lastKnownFileType = text.plist.xml; path = Info.plist; sourceTree = "<group>"; };
		8A50BB9C22325D6D00DA73C6 /* StoryViewController.swift */ = {isa = PBXFileReference; lastKnownFileType = sourcecode.swift; path = StoryViewController.swift; sourceTree = "<group>"; };
		8A50BB9E22325F7500DA73C6 /* TableViewCell.swift */ = {isa = PBXFileReference; lastKnownFileType = sourcecode.swift; path = TableViewCell.swift; sourceTree = "<group>"; };
		8A50BB9F22325F7500DA73C6 /* TableViewCell.xib */ = {isa = PBXFileReference; lastKnownFileType = file.xib; path = TableViewCell.xib; sourceTree = "<group>"; };
/* End PBXFileReference section */

/* Begin PBXFrameworksBuildPhase section */
		8A50BB8422323C5000DA73C6 /* Frameworks */ = {
			isa = PBXFrameworksBuildPhase;
			buildActionMask = 2147483647;
			files = (
				A82F789A985A76507B2B6C98 /* libPods-GitAndSwift.a in Frameworks */,
			);
			runOnlyForDeploymentPostprocessing = 0;
		};
/* End PBXFrameworksBuildPhase section */

/* Begin PBXGroup section */
		195354AEB1398C3CAE1CA95A /* Frameworks */ = {
			isa = PBXGroup;
			children = (
				53E3A5AEB2DCBCF44670E177 /* libPods-GitAndSwift.a */,
			);
			name = Frameworks;
			sourceTree = "<group>";
		};
		8A50BB7E22323C5000DA73C6 = {
			isa = PBXGroup;
			children = (
				8A50BB8922323C5000DA73C6 /* GitAndSwift */,
				8A50BB8822323C5000DA73C6 /* Products */,
				F5FC7EB84F6D4AB66724C1FC /* Pods */,
				195354AEB1398C3CAE1CA95A /* Frameworks */,
			);
			sourceTree = "<group>";
		};
		8A50BB8822323C5000DA73C6 /* Products */ = {
			isa = PBXGroup;
			children = (
				8A50BB8722323C5000DA73C6 /* GitAndSwift.app */,
			);
			name = Products;
			sourceTree = "<group>";
		};
		8A50BB8922323C5000DA73C6 /* GitAndSwift */ = {
			isa = PBXGroup;
			children = (
				8A50BB8A22323C5000DA73C6 /* AppDelegate.swift */,
				8A50BB8C22323C5000DA73C6 /* ViewController.swift */,
				8A50BB9C22325D6D00DA73C6 /* StoryViewController.swift */,
				8A50BB9E22325F7500DA73C6 /* TableViewCell.swift */,
				8A50BB9F22325F7500DA73C6 /* TableViewCell.xib */,
				8A50BB8E22323C5000DA73C6 /* Main.storyboard */,
				8A50BB9122323C5100DA73C6 /* Assets.xcassets */,
				8A50BB9322323C5100DA73C6 /* LaunchScreen.storyboard */,
				8A50BB9622323C5100DA73C6 /* Info.plist */,
			);
			path = GitAndSwift;
			sourceTree = "<group>";
		};
		F5FC7EB84F6D4AB66724C1FC /* Pods */ = {
			isa = PBXGroup;
			children = (
				7C3EAF09CEDFCD3D61068CCC /* Pods-GitAndSwift.debug.xcconfig */,
				5EDDB02A930FC4C291FBEEA4 /* Pods-GitAndSwift.release.xcconfig */,
			);
			path = Pods;
			sourceTree = "<group>";
		};
/* End PBXGroup section */

/* Begin PBXNativeTarget section */
		8A50BB8622323C5000DA73C6 /* GitAndSwift */ = {
			isa = PBXNativeTarget;
			buildConfigurationList = 8A50BB9922323C5100DA73C6 /* Build configuration list for PBXNativeTarget "GitAndSwift" */;
			buildPhases = (
				9F966F556EE1642D38FB835A /* [CP] Check Pods Manifest.lock */,
				8A50BB8322323C5000DA73C6 /* Sources */,
				8A50BB8422323C5000DA73C6 /* Frameworks */,
				8A50BB8522323C5000DA73C6 /* Resources */,
			);
			buildRules = (
			);
			dependencies = (
			);
			name = GitAndSwift;
			productName = GitAndSwift;
			productReference = 8A50BB8722323C5000DA73C6 /* GitAndSwift.app */;
			productType = "com.apple.product-type.application";
		};
/* End PBXNativeTarget section */

/* Begin PBXProject section */
		8A50BB7F22323C5000DA73C6 /* Project object */ = {
			isa = PBXProject;
			attributes = {
				LastSwiftUpdateCheck = 1010;
				LastUpgradeCheck = 1010;
				ORGANIZATIONNAME = com.Sten;
				TargetAttributes = {
					8A50BB8622323C5000DA73C6 = {
						CreatedOnToolsVersion = 10.1;
					};
				};
			};
			buildConfigurationList = 8A50BB8222323C5000DA73C6 /* Build configuration list for PBXProject "GitAndSwift" */;
			compatibilityVersion = "Xcode 9.3";
			developmentRegion = en;
			hasScannedForEncodings = 0;
			knownRegions = (
				en,
				Base,
			);
			mainGroup = 8A50BB7E22323C5000DA73C6;
			productRefGroup = 8A50BB8822323C5000DA73C6 /* Products */;
			projectDirPath = "";
			projectRoot = "";
			targets = (
				8A50BB8622323C5000DA73C6 /* GitAndSwift */,
			);
		};
/* End PBXProject section */

/* Begin PBXResourcesBuildPhase section */
		8A50BB8522323C5000DA73C6 /* Resources */ = {
			isa = PBXResourcesBuildPhase;
			buildActionMask = 2147483647;
			files = (
				8A50BB9522323C5100DA73C6 /* LaunchScreen.storyboard in Resources */,
				8A50BBA122325F7500DA73C6 /* TableViewCell.xib in Resources */,
				8A50BB9222323C5100DA73C6 /* Assets.xcassets in Resources */,
				8A50BB9022323C5000DA73C6 /* Main.storyboard in Resources */,
			);
			runOnlyForDeploymentPostprocessing = 0;
		};
/* End PBXResourcesBuildPhase section */

/* Begin PBXShellScriptBuildPhase section */
		9F966F556EE1642D38FB835A /* [CP] Check Pods Manifest.lock */ = {
			isa = PBXShellScriptBuildPhase;
			buildActionMask = 2147483647;
			files = (
			);
			inputFileListPaths = (
			);
			inputPaths = (
				"${PODS_PODFILE_DIR_PATH}/Podfile.lock",
				"${PODS_ROOT}/Manifest.lock",
			);
			name = "[CP] Check Pods Manifest.lock";
			outputFileListPaths = (
			);
			outputPaths = (
				"$(DERIVED_FILE_DIR)/Pods-GitAndSwift-checkManifestLockResult.txt",
			);
			runOnlyForDeploymentPostprocessing = 0;
			shellPath = /bin/sh;
			shellScript = "diff \"${PODS_PODFILE_DIR_PATH}/Podfile.lock\" \"${PODS_ROOT}/Manifest.lock\" > /dev/null\nif [ $? != 0 ] ; then\n    # print error to STDERR\n    echo \"error: The sandbox is not in sync with the Podfile.lock. Run 'pod install' or update your CocoaPods installation.\" >&2\n    exit 1\nfi\n# This output is used by Xcode 'outputs' to avoid re-running this script phase.\necho \"SUCCESS\" > \"${SCRIPT_OUTPUT_FILE_0}\"\n";
			showEnvVarsInLog = 0;
		};
/* End PBXShellScriptBuildPhase section */

/* Begin PBXSourcesBuildPhase section */
		8A50BB8322323C5000DA73C6 /* Sources */ = {
			isa = PBXSourcesBuildPhase;
			buildActionMask = 2147483647;
			files = (
				8A50BB9D22325D6D00DA73C6 /* StoryViewController.swift in Sources */,
				8A50BBA022325F7500DA73C6 /* TableViewCell.swift in Sources */,
				8A50BB8D22323C5000DA73C6 /* ViewController.swift in Sources */,
				8A50BB8B22323C5000DA73C6 /* AppDelegate.swift in Sources */,
			);
			runOnlyForDeploymentPostprocessing = 0;
		};
/* End PBXSourcesBuildPhase section */

/* Begin PBXVariantGroup section */
		8A50BB8E22323C5000DA73C6 /* Main.storyboard */ = {
			isa = PBXVariantGroup;
			children = (
				8A50BB8F22323C5000DA73C6 /* Base */,
			);
			name = Main.storyboard;
			sourceTree = "<group>";
		};
		8A50BB9322323C5100DA73C6 /* LaunchScreen.storyboard */ = {
			isa = PBXVariantGroup;
			children = (
				8A50BB9422323C5100DA73C6 /* Base */,
			);
			name = LaunchScreen.storyboard;
			sourceTree = "<group>";
		};
/* End PBXVariantGroup section */

/* Begin XCBuildConfiguration section */
		8A50BB9722323C5100DA73C6 /* Debug */ = {
			isa = XCBuildConfiguration;
			buildSettings = {
				ALWAYS_SEARCH_USER_PATHS = NO;
				CLANG_ANALYZER_NONNULL = YES;
				CLANG_ANALYZER_NUMBER_OBJECT_CONVERSION = YES_AGGRESSIVE;
				CLANG_CXX_LANGUAGE_STANDARD = "gnu++14";
				CLANG_CXX_LIBRARY = "libc++";
				CLANG_ENABLE_MODULES = YES;
				CLANG_ENABLE_OBJC_ARC = YES;
				CLANG_ENABLE_OBJC_WEAK = YES;
				CLANG_WARN_BLOCK_CAPTURE_AUTORELEASING = YES;
				CLANG_WARN_BOOL_CONVERSION = YES;
				CLANG_WARN_COMMA = YES;
				CLANG_WARN_CONSTANT_CONVERSION = YES;
				CLANG_WARN_DEPRECATED_OBJC_IMPLEMENTATIONS = YES;
				CLANG_WARN_DIRECT_OBJC_ISA_USAGE = YES_ERROR;
				CLANG_WARN_DOCUMENTATION_COMMENTS = YES;
				CLANG_WARN_EMPTY_BODY = YES;
				CLANG_WARN_ENUM_CONVERSION = YES;
				CLANG_WARN_INFINITE_RECURSION = YES;
				CLANG_WARN_INT_CONVERSION = YES;
				CLANG_WARN_NON_LITERAL_NULL_CONVERSION = YES;
				CLANG_WARN_OBJC_IMPLICIT_RETAIN_SELF = YES;
				CLANG_WARN_OBJC_LITERAL_CONVERSION = YES;
				CLANG_WARN_OBJC_ROOT_CLASS = YES_ERROR;
				CLANG_WARN_RANGE_LOOP_ANALYSIS = YES;
				CLANG_WARN_STRICT_PROTOTYPES = YES;
				CLANG_WARN_SUSPICIOUS_MOVE = YES;
				CLANG_WARN_UNGUARDED_AVAILABILITY = YES_AGGRESSIVE;
				CLANG_WARN_UNREACHABLE_CODE = YES;
				CLANG_WARN__DUPLICATE_METHOD_MATCH = YES;
				CODE_SIGN_IDENTITY = "iPhone Developer";
				COPY_PHASE_STRIP = NO;
				DEBUG_INFORMATION_FORMAT = dwarf;
				ENABLE_STRICT_OBJC_MSGSEND = YES;
				ENABLE_TESTABILITY = YES;
				GCC_C_LANGUAGE_STANDARD = gnu11;
				GCC_DYNAMIC_NO_PIC = NO;
				GCC_NO_COMMON_BLOCKS = YES;
				GCC_OPTIMIZATION_LEVEL = 0;
				GCC_PREPROCESSOR_DEFINITIONS = (
					"DEBUG=1",
					"$(inherited)",
				);
				GCC_WARN_64_TO_32_BIT_CONVERSION = YES;
				GCC_WARN_ABOUT_RETURN_TYPE = YES_ERROR;
				GCC_WARN_UNDECLARED_SELECTOR = YES;
				GCC_WARN_UNINITIALIZED_AUTOS = YES_AGGRESSIVE;
				GCC_WARN_UNUSED_FUNCTION = YES;
				GCC_WARN_UNUSED_VARIABLE = YES;
				IPHONEOS_DEPLOYMENT_TARGET = 12.1;
				MTL_ENABLE_DEBUG_INFO = INCLUDE_SOURCE;
				MTL_FAST_MATH = YES;
				ONLY_ACTIVE_ARCH = YES;
				SDKROOT = iphoneos;
				SWIFT_ACTIVE_COMPILATION_CONDITIONS = DEBUG;
				SWIFT_OPTIMIZATION_LEVEL = "-Onone";
			};
			name = Debug;
		};
		8A50BB9822323C5100DA73C6 /* Release */ = {
			isa = XCBuildConfiguration;
			buildSettings = {
				ALWAYS_SEARCH_USER_PATHS = NO;
				CLANG_ANALYZER_NONNULL = YES;
				CLANG_ANALYZER_NUMBER_OBJECT_CONVERSION = YES_AGGRESSIVE;
				CLANG_CXX_LANGUAGE_STANDARD = "gnu++14";
				CLANG_CXX_LIBRARY = "libc++";
				CLANG_ENABLE_MODULES = YES;
				CLANG_ENABLE_OBJC_ARC = YES;
				CLANG_ENABLE_OBJC_WEAK = YES;
				CLANG_WARN_BLOCK_CAPTURE_AUTORELEASING = YES;
				CLANG_WARN_BOOL_CONVERSION = YES;
				CLANG_WARN_COMMA = YES;
				CLANG_WARN_CONSTANT_CONVERSION = YES;
				CLANG_WARN_DEPRECATED_OBJC_IMPLEMENTATIONS = YES;
				CLANG_WARN_DIRECT_OBJC_ISA_USAGE = YES_ERROR;
				CLANG_WARN_DOCUMENTATION_COMMENTS = YES;
				CLANG_WARN_EMPTY_BODY = YES;
				CLANG_WARN_ENUM_CONVERSION = YES;
				CLANG_WARN_INFINITE_RECURSION = YES;
				CLANG_WARN_INT_CONVERSION = YES;
				CLANG_WARN_NON_LITERAL_NULL_CONVERSION = YES;
				CLANG_WARN_OBJC_IMPLICIT_RETAIN_SELF = YES;
				CLANG_WARN_OBJC_LITERAL_CONVERSION = YES;
				CLANG_WARN_OBJC_ROOT_CLASS = YES_ERROR;
				CLANG_WARN_RANGE_LOOP_ANALYSIS = YES;
				CLANG_WARN_STRICT_PROTOTYPES = YES;
				CLANG_WARN_SUSPICIOUS_MOVE = YES;
				CLANG_WARN_UNGUARDED_AVAILABILITY = YES_AGGRESSIVE;
				CLANG_WARN_UNREACHABLE_CODE = YES;
				CLANG_WARN__DUPLICATE_METHOD_MATCH = YES;
				CODE_SIGN_IDENTITY = "iPhone Developer";
				COPY_PHASE_STRIP = NO;
				DEBUG_INFORMATION_FORMAT = "dwarf-with-dsym";
				ENABLE_NS_ASSERTIONS = NO;
				ENABLE_STRICT_OBJC_MSGSEND = YES;
				GCC_C_LANGUAGE_STANDARD = gnu11;
				GCC_NO_COMMON_BLOCKS = YES;
				GCC_WARN_64_TO_32_BIT_CONVERSION = YES;
				GCC_WARN_ABOUT_RETURN_TYPE = YES_ERROR;
				GCC_WARN_UNDECLARED_SELECTOR = YES;
				GCC_WARN_UNINITIALIZED_AUTOS = YES_AGGRESSIVE;
				GCC_WARN_UNUSED_FUNCTION = YES;
				GCC_WARN_UNUSED_VARIABLE = YES;
				IPHONEOS_DEPLOYMENT_TARGET = 12.1;
				MTL_ENABLE_DEBUG_INFO = NO;
				MTL_FAST_MATH = YES;
				SDKROOT = iphoneos;
				SWIFT_COMPILATION_MODE = wholemodule;
				SWIFT_OPTIMIZATION_LEVEL = "-O";
				VALIDATE_PRODUCT = YES;
			};
			name = Release;
		};
		8A50BB9A22323C5100DA73C6 /* Debug */ = {
			isa = XCBuildConfiguration;
			baseConfigurationReference = 7C3EAF09CEDFCD3D61068CCC /* Pods-GitAndSwift.debug.xcconfig */;
			buildSettings = {
				ASSETCATALOG_COMPILER_APPICON_NAME = AppIcon;
				CODE_SIGN_STYLE = Automatic;
				INFOPLIST_FILE = GitAndSwift/Info.plist;
				LD_RUNPATH_SEARCH_PATHS = (
					"$(inherited)",
					"@executable_path/Frameworks",
				);
				PRODUCT_BUNDLE_IDENTIFIER = Sten.GitAndSwift;
				PRODUCT_NAME = "$(TARGET_NAME)";
				SWIFT_VERSION = 4.2;
				TARGETED_DEVICE_FAMILY = "1,2";
			};
			name = Debug;
		};
		8A50BB9B22323C5100DA73C6 /* Release */ = {
			isa = XCBuildConfiguration;
			baseConfigurationReference = 5EDDB02A930FC4C291FBEEA4 /* Pods-GitAndSwift.release.xcconfig */;
			buildSettings = {
				ASSETCATALOG_COMPILER_APPICON_NAME = AppIcon;
				CODE_SIGN_STYLE = Automatic;
				INFOPLIST_FILE = GitAndSwift/Info.plist;
				LD_RUNPATH_SEARCH_PATHS = (
					"$(inherited)",
					"@executable_path/Frameworks",
				);
				PRODUCT_BUNDLE_IDENTIFIER = Sten.GitAndSwift;
				PRODUCT_NAME = "$(TARGET_NAME)";
				SWIFT_VERSION = 4.2;
				TARGETED_DEVICE_FAMILY = "1,2";
			};
			name = Release;
		};
/* End XCBuildConfiguration section */

/* Begin XCConfigurationList section */
		8A50BB8222323C5000DA73C6 /* Build configuration list for PBXProject "GitAndSwift" */ = {
			isa = XCConfigurationList;
			buildConfigurations = (
				8A50BB9722323C5100DA73C6 /* Debug */,
				8A50BB9822323C5100DA73C6 /* Release */,
			);
			defaultConfigurationIsVisible = 0;
			defaultConfigurationName = Release;
		};
		8A50BB9922323C5100DA73C6 /* Build configuration list for PBXNativeTarget "GitAndSwift" */ = {
			isa = XCConfigurationList;
			buildConfigurations = (
				8A50BB9A22323C5100DA73C6 /* Debug */,
				8A50BB9B22323C5100DA73C6 /* Release */,
			);
			defaultConfigurationIsVisible = 0;
			defaultConfigurationName = Release;
		};
/* End XCConfigurationList section */
	};
	rootObject = 8A50BB7F22323C5000DA73C6 /* Project object */;
}
